// !$*UTF8*$!
{
	archiveVersion = 1;
	classes = {
	};
	objectVersion = 50;
	objects = {

/* Begin PBXBuildFile section */
		042C4C732484C85000B71FD7 /* Utilities.swift in Sources */ = {isa = PBXBuildFile; fileRef = 042C4C722484C85000B71FD7 /* Utilities.swift */; };
		044896B2248BB03000B46F9E /* HeaderViewCell.swift in Sources */ = {isa = PBXBuildFile; fileRef = 044896B0248BB03000B46F9E /* HeaderViewCell.swift */; };
		049AF800248A9A31009BC4D2 /* MasterViewModel.swift in Sources */ = {isa = PBXBuildFile; fileRef = 049AF7FF248A9A31009BC4D2 /* MasterViewModel.swift */; };
		04CB069F248DD7A2000C5EF4 /* HeaderViewCell.xib in Resources */ = {isa = PBXBuildFile; fileRef = 04CB069E248DD7A2000C5EF4 /* HeaderViewCell.xib */; };
		04D924D4248B6F000095A64E /* OneCell.swift in Sources */ = {isa = PBXBuildFile; fileRef = 04D924D2248B6F000095A64E /* OneCell.swift */; };
		04D924D5248B6F000095A64E /* OneCell.xib in Resources */ = {isa = PBXBuildFile; fileRef = 04D924D3248B6F000095A64E /* OneCell.xib */; };
		04E96A86248402DC00671764 /* AppDelegate.swift in Sources */ = {isa = PBXBuildFile; fileRef = 04E96A85248402DC00671764 /* AppDelegate.swift */; };
		04E96A88248402DC00671764 /* SceneDelegate.swift in Sources */ = {isa = PBXBuildFile; fileRef = 04E96A87248402DC00671764 /* SceneDelegate.swift */; };
		04E96A8A248402DC00671764 /* MasterViewController.swift in Sources */ = {isa = PBXBuildFile; fileRef = 04E96A89248402DC00671764 /* MasterViewController.swift */; };
		04E96A8C248402DC00671764 /* DetailViewController.swift in Sources */ = {isa = PBXBuildFile; fileRef = 04E96A8B248402DC00671764 /* DetailViewController.swift */; };
		04E96A8F248402DC00671764 /* Main.storyboard in Resources */ = {isa = PBXBuildFile; fileRef = 04E96A8D248402DC00671764 /* Main.storyboard */; };
		04E96A91248402E400671764 /* Assets.xcassets in Resources */ = {isa = PBXBuildFile; fileRef = 04E96A90248402E400671764 /* Assets.xcassets */; };
		04E96A94248402E400671764 /* LaunchScreen.storyboard in Resources */ = {isa = PBXBuildFile; fileRef = 04E96A92248402E400671764 /* LaunchScreen.storyboard */; };
		04E96A9F2484033300671764 /* AlertController.swift in Sources */ = {isa = PBXBuildFile; fileRef = 04E96A9B2484033200671764 /* AlertController.swift */; };
		04E96AA02484033300671764 /* GlobalConstants.swift in Sources */ = {isa = PBXBuildFile; fileRef = 04E96A9C2484033300671764 /* GlobalConstants.swift */; };
		04E96AA12484033300671764 /* DataManager.swift in Sources */ = {isa = PBXBuildFile; fileRef = 04E96A9D2484033300671764 /* DataManager.swift */; };
		04E96AA22484033300671764 /* DataDownloadManager.swift in Sources */ = {isa = PBXBuildFile; fileRef = 04E96A9E2484033300671764 /* DataDownloadManager.swift */; };
		04E96AA72484052000671764 /* ProductModel.xcdatamodeld in Sources */ = {isa = PBXBuildFile; fileRef = 04E96AA52484052000671764 /* ProductModel.xcdatamodeld */; };
		04E96AA92484057600671764 /* CoreDataStack.swift in Sources */ = {isa = PBXBuildFile; fileRef = 04E96AA82484057600671764 /* CoreDataStack.swift */; };
/* End PBXBuildFile section */

/* Begin PBXFileReference section */
		042C4C722484C85000B71FD7 /* Utilities.swift */ = {isa = PBXFileReference; lastKnownFileType = sourcecode.swift; path = Utilities.swift; sourceTree = "<group>"; };
		044896B0248BB03000B46F9E /* HeaderViewCell.swift */ = {isa = PBXFileReference; lastKnownFileType = sourcecode.swift; path = HeaderViewCell.swift; sourceTree = "<group>"; };
		049AF7FF248A9A31009BC4D2 /* MasterViewModel.swift */ = {isa = PBXFileReference; lastKnownFileType = sourcecode.swift; path = MasterViewModel.swift; sourceTree = "<group>"; };
		04CB069E248DD7A2000C5EF4 /* HeaderViewCell.xib */ = {isa = PBXFileReference; fileEncoding = 4; lastKnownFileType = file.xib; path = HeaderViewCell.xib; sourceTree = "<group>"; };
		04D924D2248B6F000095A64E /* OneCell.swift */ = {isa = PBXFileReference; lastKnownFileType = sourcecode.swift; path = OneCell.swift; sourceTree = "<group>"; };
		04D924D3248B6F000095A64E /* OneCell.xib */ = {isa = PBXFileReference; lastKnownFileType = file.xib; path = OneCell.xib; sourceTree = "<group>"; };
		04E96A82248402DC00671764 /* ProductList.app */ = {isa = PBXFileReference; explicitFileType = wrapper.application; includeInIndex = 0; path = ProductList.app; sourceTree = BUILT_PRODUCTS_DIR; };
		04E96A85248402DC00671764 /* AppDelegate.swift */ = {isa = PBXFileReference; lastKnownFileType = sourcecode.swift; path = AppDelegate.swift; sourceTree = "<group>"; };
		04E96A87248402DC00671764 /* SceneDelegate.swift */ = {isa = PBXFileReference; lastKnownFileType = sourcecode.swift; path = SceneDelegate.swift; sourceTree = "<group>"; };
		04E96A89248402DC00671764 /* MasterViewController.swift */ = {isa = PBXFileReference; lastKnownFileType = sourcecode.swift; path = MasterViewController.swift; sourceTree = "<group>"; };
		04E96A8B248402DC00671764 /* DetailViewController.swift */ = {isa = PBXFileReference; lastKnownFileType = sourcecode.swift; path = DetailViewController.swift; sourceTree = "<group>"; };
		04E96A8E248402DC00671764 /* Base */ = {isa = PBXFileReference; lastKnownFileType = file.storyboard; name = Base; path = Base.lproj/Main.storyboard; sourceTree = "<group>"; };
		04E96A90248402E400671764 /* Assets.xcassets */ = {isa = PBXFileReference; lastKnownFileType = folder.assetcatalog; path = Assets.xcassets; sourceTree = "<group>"; };
		04E96A93248402E400671764 /* Base */ = {isa = PBXFileReference; lastKnownFileType = file.storyboard; name = Base; path = Base.lproj/LaunchScreen.storyboard; sourceTree = "<group>"; };
		04E96A95248402E400671764 /* Info.plist */ = {isa = PBXFileReference; lastKnownFileType = text.plist.xml; path = Info.plist; sourceTree = "<group>"; };
		04E96A9B2484033200671764 /* AlertController.swift */ = {isa = PBXFileReference; fileEncoding = 4; lastKnownFileType = sourcecode.swift; path = AlertController.swift; sourceTree = "<group>"; };
		04E96A9C2484033300671764 /* GlobalConstants.swift */ = {isa = PBXFileReference; fileEncoding = 4; lastKnownFileType = sourcecode.swift; path = GlobalConstants.swift; sourceTree = "<group>"; };
		04E96A9D2484033300671764 /* DataManager.swift */ = {isa = PBXFileReference; fileEncoding = 4; lastKnownFileType = sourcecode.swift; path = DataManager.swift; sourceTree = "<group>"; };
		04E96A9E2484033300671764 /* DataDownloadManager.swift */ = {isa = PBXFileReference; fileEncoding = 4; lastKnownFileType = sourcecode.swift; path = DataDownloadManager.swift; sourceTree = "<group>"; };
		04E96AA62484052000671764 /* ProductModel.xcdatamodel */ = {isa = PBXFileReference; lastKnownFileType = wrapper.xcdatamodel; path = ProductModel.xcdatamodel; sourceTree = "<group>"; };
		04E96AA82484057600671764 /* CoreDataStack.swift */ = {isa = PBXFileReference; lastKnownFileType = sourcecode.swift; path = CoreDataStack.swift; sourceTree = "<group>"; };
/* End PBXFileReference section */

/* Begin PBXFrameworksBuildPhase section */
		04E96A7F248402DC00671764 /* Frameworks */ = {
			isa = PBXFrameworksBuildPhase;
			buildActionMask = 2147483647;
			files = (
			);
			runOnlyForDeploymentPostprocessing = 0;
		};
/* End PBXFrameworksBuildPhase section */

/* Begin PBXGroup section */
		04D924D1248B6ED80095A64E /* ReusableCells */ = {
			isa = PBXGroup;
			children = (
				04D924D2248B6F000095A64E /* OneCell.swift */,
				04D924D3248B6F000095A64E /* OneCell.xib */,
				044896B0248BB03000B46F9E /* HeaderViewCell.swift */,
				04CB069E248DD7A2000C5EF4 /* HeaderViewCell.xib */,
			);
			path = ReusableCells;
			sourceTree = "<group>";
		};
		04E96A79248402DC00671764 = {
			isa = PBXGroup;
			children = (
				04E96A84248402DC00671764 /* ProductList */,
				04E96A83248402DC00671764 /* Products */,
			);
			sourceTree = "<group>";
		};
		04E96A83248402DC00671764 /* Products */ = {
			isa = PBXGroup;
			children = (
				04E96A82248402DC00671764 /* ProductList.app */,
			);
			name = Products;
			sourceTree = "<group>";
		};
		04E96A84248402DC00671764 /* ProductList */ = {
			isa = PBXGroup;
			children = (
				04E96AA32484034A00671764 /* DataRequestManager */,
				04E96A9B2484033200671764 /* AlertController.swift */,
				04E96AA42484039D00671764 /* Core Data Stack */,
				04E96A9C2484033300671764 /* GlobalConstants.swift */,
				04E96A85248402DC00671764 /* AppDelegate.swift */,
				04D924D1248B6ED80095A64E /* ReusableCells */,
				04E96A87248402DC00671764 /* SceneDelegate.swift */,
				04E96A89248402DC00671764 /* MasterViewController.swift */,
				049AF7FF248A9A31009BC4D2 /* MasterViewModel.swift */,
				042C4C722484C85000B71FD7 /* Utilities.swift */,
				04E96A8B248402DC00671764 /* DetailViewController.swift */,
				04E96A8D248402DC00671764 /* Main.storyboard */,
				04E96A90248402E400671764 /* Assets.xcassets */,
				04E96A92248402E400671764 /* LaunchScreen.storyboard */,
				04E96A95248402E400671764 /* Info.plist */,
				04E96AA52484052000671764 /* ProductModel.xcdatamodeld */,
			);
			path = ProductList;
			sourceTree = "<group>";
		};
		04E96AA32484034A00671764 /* DataRequestManager */ = {
			isa = PBXGroup;
			children = (
				04E96A9D2484033300671764 /* DataManager.swift */,
				04E96A9E2484033300671764 /* DataDownloadManager.swift */,
			);
			path = DataRequestManager;
			sourceTree = "<group>";
		};
		04E96AA42484039D00671764 /* Core Data Stack */ = {
			isa = PBXGroup;
			children = (
				04E96AA82484057600671764 /* CoreDataStack.swift */,
			);
			path = "Core Data Stack";
			sourceTree = "<group>";
		};
/* End PBXGroup section */

/* Begin PBXNativeTarget section */
		04E96A81248402DC00671764 /* ProductList */ = {
			isa = PBXNativeTarget;
			buildConfigurationList = 04E96A98248402E400671764 /* Build configuration list for PBXNativeTarget "ProductList" */;
			buildPhases = (
				04E96A7E248402DC00671764 /* Sources */,
				04E96A7F248402DC00671764 /* Frameworks */,
				04E96A80248402DC00671764 /* Resources */,
			);
			buildRules = (
			);
			dependencies = (
			);
			name = ProductList;
			productName = ProductList;
			productReference = 04E96A82248402DC00671764 /* ProductList.app */;
			productType = "com.apple.product-type.application";
		};
/* End PBXNativeTarget section */

/* Begin PBXProject section */
		04E96A7A248402DC00671764 /* Project object */ = {
			isa = PBXProject;
			attributes = {
				LastSwiftUpdateCheck = 1110;
				LastUpgradeCheck = 1110;
				ORGANIZATIONNAME = Mac;
				TargetAttributes = {
					04E96A81248402DC00671764 = {
						CreatedOnToolsVersion = 11.1;
					};
				};
			};
			buildConfigurationList = 04E96A7D248402DC00671764 /* Build configuration list for PBXProject "ProductList" */;
			compatibilityVersion = "Xcode 9.3";
			developmentRegion = en;
			hasScannedForEncodings = 0;
			knownRegions = (
				en,
				Base,
			);
			mainGroup = 04E96A79248402DC00671764;
			productRefGroup = 04E96A83248402DC00671764 /* Products */;
			projectDirPath = "";
			projectRoot = "";
			targets = (
				04E96A81248402DC00671764 /* ProductList */,
			);
		};
/* End PBXProject section */

/* Begin PBXResourcesBuildPhase section */
		04E96A80248402DC00671764 /* Resources */ = {
			isa = PBXResourcesBuildPhase;
			buildActionMask = 2147483647;
			files = (
				04E96A94248402E400671764 /* LaunchScreen.storyboard in Resources */,
				04E96A91248402E400671764 /* Assets.xcassets in Resources */,
				04D924D5248B6F000095A64E /* OneCell.xib in Resources */,
				04E96A8F248402DC00671764 /* Main.storyboard in Resources */,
				04CB069F248DD7A2000C5EF4 /* HeaderViewCell.xib in Resources */,
			);
			runOnlyForDeploymentPostprocessing = 0;
		};
/* End PBXResourcesBuildPhase section */

/* Begin PBXSourcesBuildPhase section */
		04E96A7E248402DC00671764 /* Sources */ = {
			isa = PBXSourcesBuildPhase;
			buildActionMask = 2147483647;
			files = (
				04E96A86248402DC00671764 /* AppDelegate.swift in Sources */,
				04E96AA22484033300671764 /* DataDownloadManager.swift in Sources */,
				042C4C732484C85000B71FD7 /* Utilities.swift in Sources */,
				04E96A9F2484033300671764 /* AlertController.swift in Sources */,
				049AF800248A9A31009BC4D2 /* MasterViewModel.swift in Sources */,
				04E96AA72484052000671764 /* ProductModel.xcdatamodeld in Sources */,
				04E96A88248402DC00671764 /* SceneDelegate.swift in Sources */,
				04E96AA92484057600671764 /* CoreDataStack.swift in Sources */,
				04D924D4248B6F000095A64E /* OneCell.swift in Sources */,
				044896B2248BB03000B46F9E /* HeaderViewCell.swift in Sources */,
				04E96AA12484033300671764 /* DataManager.swift in Sources */,
				04E96A8A248402DC00671764 /* MasterViewController.swift in Sources */,
				04E96AA02484033300671764 /* GlobalConstants.swift in Sources */,
				04E96A8C248402DC00671764 /* DetailViewController.swift in Sources */,
			);
			runOnlyForDeploymentPostprocessing = 0;
		};
/* End PBXSourcesBuildPhase section */

/* Begin PBXVariantGroup section */
		04E96A8D248402DC00671764 /* Main.storyboard */ = {
			isa = PBXVariantGroup;
			children = (
				04E96A8E248402DC00671764 /* Base */,
			);
			name = Main.storyboard;
			sourceTree = "<group>";
		};
		04E96A92248402E400671764 /* LaunchScreen.storyboard */ = {
			isa = PBXVariantGroup;
			children = (
				04E96A93248402E400671764 /* Base */,
			);
			name = LaunchScreen.storyboard;
			sourceTree = "<group>";
		};
/* End PBXVariantGroup section */

/* Begin XCBuildConfiguration section */
		04E96A96248402E400671764 /* Debug */ = {
			isa = XCBuildConfiguration;
			buildSettings = {
				ALWAYS_SEARCH_USER_PATHS = NO;
				CLANG_ANALYZER_NONNULL = YES;
				CLANG_ANALYZER_NUMBER_OBJECT_CONVERSION = YES_AGGRESSIVE;
				CLANG_CXX_LANGUAGE_STANDARD = "gnu++14";
				CLANG_CXX_LIBRARY = "libc++";
				CLANG_ENABLE_MODULES = YES;
				CLANG_ENABLE_OBJC_ARC = YES;
				CLANG_ENABLE_OBJC_WEAK = YES;
				CLANG_WARN_BLOCK_CAPTURE_AUTORELEASING = YES;
				CLANG_WARN_BOOL_CONVERSION = YES;
				CLANG_WARN_COMMA = YES;
				CLANG_WARN_CONSTANT_CONVERSION = YES;
				CLANG_WARN_DEPRECATED_OBJC_IMPLEMENTATIONS = YES;
				CLANG_WARN_DIRECT_OBJC_ISA_USAGE = YES_ERROR;
				CLANG_WARN_DOCUMENTATION_COMMENTS = YES;
				CLANG_WARN_EMPTY_BODY = YES;
				CLANG_WARN_ENUM_CONVERSION = YES;
				CLANG_WARN_INFINITE_RECURSION = YES;
				CLANG_WARN_INT_CONVERSION = YES;
				CLANG_WARN_NON_LITERAL_NULL_CONVERSION = YES;
				CLANG_WARN_OBJC_IMPLICIT_RETAIN_SELF = YES;
				CLANG_WARN_OBJC_LITERAL_CONVERSION = YES;
				CLANG_WARN_OBJC_ROOT_CLASS = YES_ERROR;
				CLANG_WARN_RANGE_LOOP_ANALYSIS = YES;
				CLANG_WARN_STRICT_PROTOTYPES = YES;
				CLANG_WARN_SUSPICIOUS_MOVE = YES;
				CLANG_WARN_UNGUARDED_AVAILABILITY = YES_AGGRESSIVE;
				CLANG_WARN_UNREACHABLE_CODE = YES;
				CLANG_WARN__DUPLICATE_METHOD_MATCH = YES;
				COPY_PHASE_STRIP = NO;
				DEBUG_INFORMATION_FORMAT = dwarf;
				ENABLE_STRICT_OBJC_MSGSEND = YES;
				ENABLE_TESTABILITY = YES;
				GCC_C_LANGUAGE_STANDARD = gnu11;
				GCC_DYNAMIC_NO_PIC = NO;
				GCC_NO_COMMON_BLOCKS = YES;
				GCC_OPTIMIZATION_LEVEL = 0;
				GCC_PREPROCESSOR_DEFINITIONS = (
					"DEBUG=1",
					"$(inherited)",
				);
				GCC_WARN_64_TO_32_BIT_CONVERSION = YES;
				GCC_WARN_ABOUT_RETURN_TYPE = YES_ERROR;
				GCC_WARN_UNDECLARED_SELECTOR = YES;
				GCC_WARN_UNINITIALIZED_AUTOS = YES_AGGRESSIVE;
				GCC_WARN_UNUSED_FUNCTION = YES;
				GCC_WARN_UNUSED_VARIABLE = YES;
				IPHONEOS_DEPLOYMENT_TARGET = 13.1;
				MTL_ENABLE_DEBUG_INFO = INCLUDE_SOURCE;
				MTL_FAST_MATH = YES;
				ONLY_ACTIVE_ARCH = YES;
				SDKROOT = iphoneos;
				SWIFT_ACTIVE_COMPILATION_CONDITIONS = DEBUG;
				SWIFT_OPTIMIZATION_LEVEL = "-Onone";
			};
			name = Debug;
		};
		04E96A97248402E400671764 /* Release */ = {
			isa = XCBuildConfiguration;
			buildSettings = {
				ALWAYS_SEARCH_USER_PATHS = NO;
				CLANG_ANALYZER_NONNULL = YES;
				CLANG_ANALYZER_NUMBER_OBJECT_CONVERSION = YES_AGGRESSIVE;
				CLANG_CXX_LANGUAGE_STANDARD = "gnu++14";
				CLANG_CXX_LIBRARY = "libc++";
				CLANG_ENABLE_MODULES = YES;
				CLANG_ENABLE_OBJC_ARC = YES;
				CLANG_ENABLE_OBJC_WEAK = YES;
				CLANG_WARN_BLOCK_CAPTURE_AUTORELEASING = YES;
				CLANG_WARN_BOOL_CONVERSION = YES;
				CLANG_WARN_COMMA = YES;
				CLANG_WARN_CONSTANT_CONVERSION = YES;
				CLANG_WARN_DEPRECATED_OBJC_IMPLEMENTATIONS = YES;
				CLANG_WARN_DIRECT_OBJC_ISA_USAGE = YES_ERROR;
				CLANG_WARN_DOCUMENTATION_COMMENTS = YES;
				CLANG_WARN_EMPTY_BODY = YES;
				CLANG_WARN_ENUM_CONVERSION = YES;
				CLANG_WARN_INFINITE_RECURSION = YES;
				CLANG_WARN_INT_CONVERSION = YES;
				CLANG_WARN_NON_LITERAL_NULL_CONVERSION = YES;
				CLANG_WARN_OBJC_IMPLICIT_RETAIN_SELF = YES;
				CLANG_WARN_OBJC_LITERAL_CONVERSION = YES;
				CLANG_WARN_OBJC_ROOT_CLASS = YES_ERROR;
				CLANG_WARN_RANGE_LOOP_ANALYSIS = YES;
				CLANG_WARN_STRICT_PROTOTYPES = YES;
				CLANG_WARN_SUSPICIOUS_MOVE = YES;
				CLANG_WARN_UNGUARDED_AVAILABILITY = YES_AGGRESSIVE;
				CLANG_WARN_UNREACHABLE_CODE = YES;
				CLANG_WARN__DUPLICATE_METHOD_MATCH = YES;
				COPY_PHASE_STRIP = NO;
				DEBUG_INFORMATION_FORMAT = "dwarf-with-dsym";
				ENABLE_NS_ASSERTIONS = NO;
				ENABLE_STRICT_OBJC_MSGSEND = YES;
				GCC_C_LANGUAGE_STANDARD = gnu11;
				GCC_NO_COMMON_BLOCKS = YES;
				GCC_WARN_64_TO_32_BIT_CONVERSION = YES;
				GCC_WARN_ABOUT_RETURN_TYPE = YES_ERROR;
				GCC_WARN_UNDECLARED_SELECTOR = YES;
				GCC_WARN_UNINITIALIZED_AUTOS = YES_AGGRESSIVE;
				GCC_WARN_UNUSED_FUNCTION = YES;
				GCC_WARN_UNUSED_VARIABLE = YES;
				IPHONEOS_DEPLOYMENT_TARGET = 13.1;
				MTL_ENABLE_DEBUG_INFO = NO;
				MTL_FAST_MATH = YES;
				SDKROOT = iphoneos;
				SWIFT_COMPILATION_MODE = wholemodule;
				SWIFT_OPTIMIZATION_LEVEL = "-O";
				VALIDATE_PRODUCT = YES;
			};
			name = Release;
		};
		04E96A99248402E400671764 /* Debug */ = {
			isa = XCBuildConfiguration;
			buildSettings = {
				ASSETCATALOG_COMPILER_APPICON_NAME = AppIcon;
				CODE_SIGN_STYLE = Automatic;
				DEVELOPMENT_TEAM = RRNX7H49U5;
				INFOPLIST_FILE = ProductList/Info.plist;
				LD_RUNPATH_SEARCH_PATHS = (
					"$(inherited)",
					"@executable_path/Frameworks",
				);
				PRODUCT_BUNDLE_IDENTIFIER = com.ishwar.ProductList;
				PRODUCT_NAME = "$(TARGET_NAME)";
				SWIFT_VERSION = 5.0;
				TARGETED_DEVICE_FAMILY = "1,2";
			};
			name = Debug;
		};
		04E96A9A248402E400671764 /* Release */ = {
			isa = XCBuildConfiguration;
			buildSettings = {
				ASSETCATALOG_COMPILER_APPICON_NAME = AppIcon;
				CODE_SIGN_STYLE = Automatic;
				DEVELOPMENT_TEAM = RRNX7H49U5;
				INFOPLIST_FILE = ProductList/Info.plist;
				LD_RUNPATH_SEARCH_PATHS = (
					"$(inherited)",
					"@executable_path/Frameworks",
				);
				PRODUCT_BUNDLE_IDENTIFIER = com.ishwar.ProductList;
				PRODUCT_NAME = "$(TARGET_NAME)";
				SWIFT_VERSION = 5.0;
				TARGETED_DEVICE_FAMILY = "1,2";
			};
			name = Release;
		};
/* End XCBuildConfiguration section */

/* Begin XCConfigurationList section */
		04E96A7D248402DC00671764 /* Build configuration list for PBXProject "ProductList" */ = {
			isa = XCConfigurationList;
			buildConfigurations = (
				04E96A96248402E400671764 /* Debug */,
				04E96A97248402E400671764 /* Release */,
			);
			defaultConfigurationIsVisible = 0;
			defaultConfigurationName = Release;
		};
		04E96A98248402E400671764 /* Build configuration list for PBXNativeTarget "ProductList" */ = {
			isa = XCConfigurationList;
			buildConfigurations = (
				04E96A99248402E400671764 /* Debug */,
				04E96A9A248402E400671764 /* Release */,
			);
			defaultConfigurationIsVisible = 0;
			defaultConfigurationName = Release;
		};
/* End XCConfigurationList section */

/* Begin XCVersionGroup section */
		04E96AA52484052000671764 /* ProductModel.xcdatamodeld */ = {
			isa = XCVersionGroup;
			children = (
				04E96AA62484052000671764 /* ProductModel.xcdatamodel */,
			);
			currentVersion = 04E96AA62484052000671764 /* ProductModel.xcdatamodel */;
			path = ProductModel.xcdatamodeld;
			sourceTree = "<group>";
			versionGroupType = wrapper.xcdatamodel;
		};
/* End XCVersionGroup section */
	};
	rootObject = 04E96A7A248402DC00671764 /* Project object */;
}
